{
  "nodes": {
    "codex-nix": {
      "inputs": {
        "nixpkgs": [
          "nixpkgs"
        ]
      },
      "locked": {
        "lastModified": 1788636430,
        "narHash": "sha256-+77e1Y/SMWSjLyuR5LFBVYnGSBluuGNSlh3dRi3mtpg=",
        "owner": "wadackel",
        "repo": "codex-nix",
        "rev": "ae292bc18fee29dbd2a60493f9375cb0aa4ae810",
        "type": "github"
      },
      "original": {
        "owner": "wadackel",
        "repo": "codex-nix",
        "type": "github"
      }
    },
    "ctx-nix": {
      "inputs": {
        "nixpkgs": [
          "nixpkgs"
        ]
      },
      "locked": {
        "lastModified": 1788463647,
        "narHash": "sha256-IKkO3ZEpBYsHXX9yW2UQrR4RnfEZEkmBczIp+2n9mj8=",
        "owner": "wadackel",
        "repo": "ctx-nix",
        "rev": "b06ad6593b1c60994f18a2dafefa5ec4e38f3986",
        "type": "github"
      },
      "original": {
        "owner": "wadackel",
        "repo": "ctx-nix",
        "type": "github"
      }
    },
    "home-manager": {
      "inputs": {
        "nixpkgs": [
          "nixpkgs"
        ]
      },
      "locked": {
        "lastModified": 1783388784,
        "narHash": "sha256-w+YU5vatysjLZIg1wOKSzo/RL9Z66eBQuIjVnBM/1Zg=",
        "owner": "nix-community",
        "repo": "home-manager",
        "rev": "63d02d1c19f1c2b47a5bc7e55c620b6af7b218a6",
        "type": "github"
      },
      "original": {
        "owner": "nix-community",
        "repo": "home-manager",
        "type": "github"
      }
    },
    "mise-nix": {
      "inputs": {
        "nixpkgs": [
          "nixpkgs"
        ]
      },
      "locked": {
        "lastModified": 1788377211,
        "narHash": "sha256-otIrM5wPgTC0+vqyYQPNE9As4P8NwLR5OEV65JgUArk=",
        "owner": "wadackel",
        "repo": "mise-nix",
        "rev": "6c77e7d5e1c92d728fd5c92c82cf540f9fe74266",
        "type": "github"
      },
      "original": {
        "owner": "wadackel",
        "repo": "mise-nix",
        "type": "github"
      }
    },
    "mo-nix": {
      "inputs": {
        "nixpkgs": [
          "nixpkgs"
        ]
      },
      "locked": {
        "lastModified": 1785786778,
        "narHash": "sha256-qdbrn74fatTmQBVwYbn04HwrCdHJd37U6l9DkqsohTg=",
        "owner": "wadackel",
        "repo": "mo-nix",
        "rev": "ab3bd1172d20e92ed8b7149f152dd55610fcc747",
        "type": "github"
      },
      "original": {
        "owner": "wadackel",
        "repo": "mo-nix",
        "type": "github"
      }
    },
    "nix-claude-code": {
      "inputs": {
        "nixpkgs": [
          "nixpkgs"
        ]
      },
      "locked": {
        "lastModified": 1788663712,
        "narHash": "sha256-wK+yP5oKMJPa4TOwwPl3vPeMgk1FruPvN0TA0lKpGVg=",
        "owner": "ryoppippi",
        "repo": "nix-claude-code",
        "rev": "5ea16210008a108b89166801d86f1b90e2a79b44",
        "type": "github"
      },
      "original": {
        "owner": "ryoppippi",
        "repo": "nix-claude-code",
        "type": "github"
      }
    },
    "nix-darwin": {
      "inputs": {
        "nixpkgs": [
          "nixpkgs"
        ]
      },
      "locked": {
        "lastModified": 1783395956,
        "narHash": "sha256-AAbexQvDoK+6GFJdhY6kqjA+6ECKRkidgWxkn4gMwAA=",
        "owner": "LnL7",
        "repo": "nix-darwin",
        "rev": "d5bd9cd77aea4c0a8f49e7fd85545671a208ed15",
        "type": "github"
      },
      "original": {
        "owner": "LnL7",
        "repo": "nix-darwin",
        "type": "github"
      }
    },
    "nixpkgs": {
      "locked": {
        "lastModified": 1788316716,
        "narHash": "sha256-bc7rSpXIdn9QWGNqfWcPZWOhEVF8NoeAZkWq0XWnf/k=",
        "owner": "nixos",
        "repo": "nixpkgs",
        "rev": "3ed67ec0a4d3c7ab4ae1f04f8ee8df07bfa506a2",
        "type": "github"
      },
      "original": {
        "owner": "nixos",
        "ref": "nixos-unstable",
        "repo": "nixpkgs",
        "type": "github"
      }
    },
    "root": {
      "inputs": {
        "codex-nix": "codex-nix",
        "ctx-nix": "ctx-nix",
        "home-manager": "home-manager",
        "mise-nix": "mise-nix",
        "mo-nix": "mo-nix",
        "nix-claude-code": "nix-claude-code",
        "nix-darwin": "nix-darwin",
        "nixpkgs": "nixpkgs",
        "treefmt-nix": "treefmt-nix"
      }
    },
    "treefmt-nix": {
      "inputs": {
        "nixpkgs": [
          "nixpkgs"
        ]
      },
      "locked": {
        "lastModified": 1775636079,
        "narHash": "sha256-pc20NRoMdiar8oPQceQT47UUZMBTiMdUuWrYu2obUP0=",
        "owner": "numtide",
        "repo": "treefmt-nix",
        "rev": "790751ff7fd3801feeaf96d7dc416a8d581265ba",
        "type": "github"
      },
      "original": {
        "owner": "numtide",
        "repo": "treefmt-nix",
        "type": "github"
      }
    }
  },
  "root": "root",
  "version": 7
}
