{
  "nodes": {
    "codex-nix": {
      "inputs": {
        "nixpkgs": [
          "nixpkgs"
        ]
      },
      "locked": {
        "lastModified": 1779393992,
        "narHash": "sha256-zSgHOWjNdsg3Goe/icqnfnBYGNd7FBwZvOKTof3Hbsg=",
        "owner": "wadackel",
        "repo": "codex-nix",
        "rev": "cc122587d8febf733055496240bb9ea9a3d77bca",
        "type": "github"
      },
      "original": {
        "owner": "wadackel",
        "repo": "codex-nix",
        "type": "github"
      }
    },
    "home-manager": {
      "inputs": {
        "nixpkgs": [
          "nixpkgs"
        ]
      },
      "locked": {
        "lastModified": 1777771152,
        "narHash": "sha256-+J0PGlJpLvo1ukmHM0ksI8PtBDwMCYyh87rbs86F0/c=",
        "owner": "nix-community",
        "repo": "home-manager",
        "rev": "9c9fc9368a6d9e698d03d3780d3b930ebc060334",
        "type": "github"
      },
      "original": {
        "owner": "nix-community",
        "repo": "home-manager",
        "type": "github"
      }
    },
    "mise-nix": {
      "inputs": {
        "nixpkgs": [
          "nixpkgs"
        ]
      },
      "locked": {
        "lastModified": 1778766202,
        "narHash": "sha256-u1iCl7xv+SwP+dBo/UPZScZlEokexR9pLNqSO2cP3Dk=",
        "owner": "wadackel",
        "repo": "mise-nix",
        "rev": "336eec8bc83a2078e9ef2cecd303c6cf87268b1b",
        "type": "github"
      },
      "original": {
        "owner": "wadackel",
        "repo": "mise-nix",
        "type": "github"
      }
    },
    "mo-nix": {
      "inputs": {
        "nixpkgs": [
          "nixpkgs"
        ]
      },
      "locked": {
        "lastModified": 1778615872,
        "narHash": "sha256-Oh77UFzQLgepdjWyM9/TbiXQsL+AHOmbeyn08Yo+Pcw=",
        "owner": "wadackel",
        "repo": "mo-nix",
        "rev": "c2ec7a7c34cd3a5bed60cd92e1450643b4075d80",
        "type": "github"
      },
      "original": {
        "owner": "wadackel",
        "repo": "mo-nix",
        "type": "github"
      }
    },
    "nix-claude-code": {
      "inputs": {
        "nixpkgs": [
          "nixpkgs"
        ]
      },
      "locked": {
        "lastModified": 1779474634,
        "narHash": "sha256-rByACAX9gqJAgKPIQd6NLBiqyh0aV1Ftg670LUIVicY=",
        "owner": "ryoppippi",
        "repo": "nix-claude-code",
        "rev": "89f9aa0f655cf967743923b46ec91755fd23e908",
        "type": "github"
      },
      "original": {
        "owner": "ryoppippi",
        "repo": "nix-claude-code",
        "type": "github"
      }
    },
    "nix-darwin": {
      "inputs": {
        "nixpkgs": [
          "nixpkgs"
        ]
      },
      "locked": {
        "lastModified": 1775037210,
        "narHash": "sha256-KM2WYj6EA7M/FVZVCl3rqWY+TFV5QzSyyGE2gQxeODU=",
        "owner": "LnL7",
        "repo": "nix-darwin",
        "rev": "06648f4902343228ce2de79f291dd5a58ee12146",
        "type": "github"
      },
      "original": {
        "owner": "LnL7",
        "repo": "nix-darwin",
        "type": "github"
      }
    },
    "nixpkgs": {
      "locked": {
        "lastModified": 1778443072,
        "narHash": "sha256-zi7/fsqM/kFdNuED//4WOCUtezGtKKqRNORjMvfwjnA=",
        "owner": "nixos",
        "repo": "nixpkgs",
        "rev": "da5ad661ba4e5ef59ba743f0d112cbc30e474f32",
        "type": "github"
      },
      "original": {
        "owner": "nixos",
        "ref": "nixos-unstable",
        "repo": "nixpkgs",
        "type": "github"
      }
    },
    "nixpkgs_2": {
      "locked": {
        "lastModified": 1770107345,
        "narHash": "sha256-tbS0Ebx2PiA1FRW8mt8oejR0qMXmziJmPaU1d4kYY9g=",
        "owner": "nixos",
        "repo": "nixpkgs",
        "rev": "4533d9293756b63904b7238acb84ac8fe4c8c2c4",
        "type": "github"
      },
      "original": {
        "owner": "nixos",
        "ref": "nixpkgs-unstable",
        "repo": "nixpkgs",
        "type": "github"
      }
    },
    "root": {
      "inputs": {
        "codex-nix": "codex-nix",
        "home-manager": "home-manager",
        "mise-nix": "mise-nix",
        "mo-nix": "mo-nix",
        "nix-claude-code": "nix-claude-code",
        "nix-darwin": "nix-darwin",
        "nixpkgs": "nixpkgs",
        "treefmt-nix": "treefmt-nix"
      }
    },
    "treefmt-nix": {
      "inputs": {
        "nixpkgs": "nixpkgs_2"
      },
      "locked": {
        "lastModified": 1775636079,
        "narHash": "sha256-pc20NRoMdiar8oPQceQT47UUZMBTiMdUuWrYu2obUP0=",
        "owner": "numtide",
        "repo": "treefmt-nix",
        "rev": "790751ff7fd3801feeaf96d7dc416a8d581265ba",
        "type": "github"
      },
      "original": {
        "owner": "numtide",
        "repo": "treefmt-nix",
        "type": "github"
      }
    }
  },
  "root": "root",
  "version": 7
}
